
Microsoft Visual Studio Solution File, Format Version 12.00
# Visual Studio 15
VisualStudioVersion = 15.0.27428.2037
MinimumVisualStudioVersion = 10.0.40219.1
Project("{FAE04EC0-301F-11D3-BF4B-00C04F79EFBC}") = "ReceptorEventHub", "ReceptorEventHub\ReceptorEventHub.csproj", "{9232DEE4-DC8B-4A6D-9841-BD6246054956}"
EndProject
Global
	GlobalSection(SolutionConfigurationPlatforms) = preSolution
		Debug|Any CPU = Debug|Any CPU
		Release|Any CPU = Release|Any CPU
	EndGlobalSection
	GlobalSection(ProjectConfigurationPlatforms) = postSolution
		{9232DEE4-DC8B-4A6D-9841-BD6246054956}.Debug|Any CPU.ActiveCfg = Debug|Any CPU
		{9232DEE4-DC8B-4A6D-9841-BD6246054956}.Debug|Any CPU.Build.0 = Debug|Any CPU
		{9232DEE4-DC8B-4A6D-9841-BD6246054956}.Release|Any CPU.ActiveCfg = Release|Any CPU
		{9232DEE4-DC8B-4A6D-9841-BD6246054956}.Release|Any CPU.Build.0 = Release|Any CPU
	EndGlobalSection
	GlobalSection(SolutionProperties) = preSolution
		HideSolutionNode = FALSE
	EndGlobalSection
	GlobalSection(ExtensibilityGlobals) = postSolution
		SolutionGuid = {64E638AD-F937-40D5-A575-A7954909C7BC}
	EndGlobalSection
EndGlobal
